// !$*UTF8*$!
{
	archiveVersion = 1;
	classes = {
	};
	objectVersion = 56;
	objects = {

/* Begin PBXBuildFile section */
		8A9A5AA42C9094CC00FBD032 /* Multiply_2App.swift in Sources */ = {isa = PBXBuildFile; fileRef = 8A9A5AA32C9094CC00FBD032 /* Multiply_2App.swift */; };
		8A9A5AA62C9094CC00FBD032 /* ContentView.swift in Sources */ = {isa = PBXBuildFile; fileRef = 8A9A5AA52C9094CC00FBD032 /* ContentView.swift */; };
		8A9A5AA82C9094CE00FBD032 /* Assets.xcassets in Resources */ = {isa = PBXBuildFile; fileRef = 8A9A5AA72C9094CE00FBD032 /* Assets.xcassets */; };
		8A9A5AAB2C9094CE00FBD032 /* Preview Assets.xcassets in Resources */ = {isa = PBXBuildFile; fileRef = 8A9A5AAA2C9094CE00FBD032 /* Preview Assets.xcassets */; };
		8A9A5AB52C9094CE00FBD032 /* Multiply_2Tests.swift in Sources */ = {isa = PBXBuildFile; fileRef = 8A9A5AB42C9094CE00FBD032 /* Multiply_2Tests.swift */; };
		8A9A5ABF2C9094CE00FBD032 /* Multiply_2UITests.swift in Sources */ = {isa = PBXBuildFile; fileRef = 8A9A5ABE2C9094CE00FBD032 /* Multiply_2UITests.swift */; };
		8A9A5AC12C9094CE00FBD032 /* Multiply_2UITestsLaunchTests.swift in Sources */ = {isa = PBXBuildFile; fileRef = 8A9A5AC02C9094CE00FBD032 /* Multiply_2UITestsLaunchTests.swift */; };
/* End PBXBuildFile section */

/* Begin PBXContainerItemProxy section */
		8A9A5AB12C9094CE00FBD032 /* PBXContainerItemProxy */ = {
			isa = PBXContainerItemProxy;
			containerPortal = 8A9A5A982C9094CC00FBD032 /* Project object */;
			proxyType = 1;
			remoteGlobalIDString = 8A9A5A9F2C9094CC00FBD032;
			remoteInfo = "Multiply 2";
		};
		8A9A5ABB2C9094CE00FBD032 /* PBXContainerItemProxy */ = {
			isa = PBXContainerItemProxy;
			containerPortal = 8A9A5A982C9094CC00FBD032 /* Project object */;
			proxyType = 1;
			remoteGlobalIDString = 8A9A5A9F2C9094CC00FBD032;
			remoteInfo = "Multiply 2";
		};
/* End PBXContainerItemProxy section */

/* Begin PBXFileReference section */
		8A9A5AA02C9094CC00FBD032 /* Multiply 2.app */ = {isa = PBXFileReference; explicitFileType = wrapper.application; includeInIndex = 0; path = "Multiply 2.app"; sourceTree = BUILT_PRODUCTS_DIR; };
		8A9A5AA32C9094CC00FBD032 /* Multiply_2App.swift */ = {isa = PBXFileReference; lastKnownFileType = sourcecode.swift; path = Multiply_2App.swift; sourceTree = "<group>"; };
		8A9A5AA52C9094CC00FBD032 /* ContentView.swift */ = {isa = PBXFileReference; lastKnownFileType = sourcecode.swift; path = ContentView.swift; sourceTree = "<group>"; };
		8A9A5AA72C9094CE00FBD032 /* Assets.xcassets */ = {isa = PBXFileReference; lastKnownFileType = folder.assetcatalog; path = Assets.xcassets; sourceTree = "<group>"; };
		8A9A5AAA2C9094CE00FBD032 /* Preview Assets.xcassets */ = {isa = PBXFileReference; lastKnownFileType = folder.assetcatalog; path = "Preview Assets.xcassets"; sourceTree = "<group>"; };
		8A9A5AB02C9094CE00FBD032 /* Multiply 2Tests.xctest */ = {isa = PBXFileReference; explicitFileType = wrapper.cfbundle; includeInIndex = 0; path = "Multiply 2Tests.xctest"; sourceTree = BUILT_PRODUCTS_DIR; };
		8A9A5AB42C9094CE00FBD032 /* Multiply_2Tests.swift */ = {isa = PBXFileReference; lastKnownFileType = sourcecode.swift; path = Multiply_2Tests.swift; sourceTree = "<group>"; };
		8A9A5ABA2C9094CE00FBD032 /* Multiply 2UITests.xctest */ = {isa = PBXFileReference; explicitFileType = wrapper.cfbundle; includeInIndex = 0; path = "Multiply 2UITests.xctest"; sourceTree = BUILT_PRODUCTS_DIR; };
		8A9A5ABE2C9094CE00FBD032 /* Multiply_2UITests.swift */ = {isa = PBXFileReference; lastKnownFileType = sourcecode.swift; path = Multiply_2UITests.swift; sourceTree = "<group>"; };
		8A9A5AC02C9094CE00FBD032 /* Multiply_2UITestsLaunchTests.swift */ = {isa = PBXFileReference; lastKnownFileType = sourcecode.swift; path = Multiply_2UITestsLaunchTests.swift; sourceTree = "<group>"; };
/* End PBXFileReference section */

/* Begin PBXFrameworksBuildPhase section */
		8A9A5A9D2C9094CC00FBD032 /* Frameworks */ = {
			isa = PBXFrameworksBuildPhase;
			buildActionMask = 2147483647;
			files = (
			);
			runOnlyForDeploymentPostprocessing = 0;
		};
		8A9A5AAD2C9094CE00FBD032 /* Frameworks */ = {
			isa = PBXFrameworksBuildPhase;
			buildActionMask = 2147483647;
			files = (
			);
			runOnlyForDeploymentPostprocessing = 0;
		};
		8A9A5AB72C9094CE00FBD032 /* Frameworks */ = {
			isa = PBXFrameworksBuildPhase;
			buildActionMask = 2147483647;
			files = (
			);
			runOnlyForDeploymentPostprocessing = 0;
		};
/* End PBXFrameworksBuildPhase section */

/* Begin PBXGroup section */
		8A9A5A972C9094CC00FBD032 = {
			isa = PBXGroup;
			children = (
				8A9A5AA22C9094CC00FBD032 /* Multiply 2 */,
				8A9A5AB32C9094CE00FBD032 /* Multiply 2Tests */,
				8A9A5ABD2C9094CE00FBD032 /* Multiply 2UITests */,
				8A9A5AA12C9094CC00FBD032 /* Products */,
			);
			sourceTree = "<group>";
		};
		8A9A5AA12C9094CC00FBD032 /* Products */ = {
			isa = PBXGroup;
			children = (
				8A9A5AA02C9094CC00FBD032 /* Multiply 2.app */,
				8A9A5AB02C9094CE00FBD032 /* Multiply 2Tests.xctest */,
				8A9A5ABA2C9094CE00FBD032 /* Multiply 2UITests.xctest */,
			);
			name = Products;
			sourceTree = "<group>";
		};
		8A9A5AA22C9094CC00FBD032 /* Multiply 2 */ = {
			isa = PBXGroup;
			children = (
				8A9A5AA32C9094CC00FBD032 /* Multiply_2App.swift */,
				8A9A5AA52C9094CC00FBD032 /* ContentView.swift */,
				8A9A5AA72C9094CE00FBD032 /* Assets.xcassets */,
				8A9A5AA92C9094CE00FBD032 /* Preview Content */,
			);
			path = "Multiply 2";
			sourceTree = "<group>";
		};
		8A9A5AA92C9094CE00FBD032 /* Preview Content */ = {
			isa = PBXGroup;
			children = (
				8A9A5AAA2C9094CE00FBD032 /* Preview Assets.xcassets */,
			);
			path = "Preview Content";
			sourceTree = "<group>";
		};
		8A9A5AB32C9094CE00FBD032 /* Multiply 2Tests */ = {
			isa = PBXGroup;
			children = (
				8A9A5AB42C9094CE00FBD032 /* Multiply_2Tests.swift */,
			);
			path = "Multiply 2Tests";
			sourceTree = "<group>";
		};
		8A9A5ABD2C9094CE00FBD032 /* Multiply 2UITests */ = {
			isa = PBXGroup;
			children = (
				8A9A5ABE2C9094CE00FBD032 /* Multiply_2UITests.swift */,
				8A9A5AC02C9094CE00FBD032 /* Multiply_2UITestsLaunchTests.swift */,
			);
			path = "Multiply 2UITests";
			sourceTree = "<group>";
		};
/* End PBXGroup section */

/* Begin PBXNativeTarget section */
		8A9A5A9F2C9094CC00FBD032 /* Multiply 2 */ = {
			isa = PBXNativeTarget;
			buildConfigurationList = 8A9A5AC42C9094CE00FBD032 /* Build configuration list for PBXNativeTarget "Multiply 2" */;
			buildPhases = (
				8A9A5A9C2C9094CC00FBD032 /* Sources */,
				8A9A5A9D2C9094CC00FBD032 /* Frameworks */,
				8A9A5A9E2C9094CC00FBD032 /* Resources */,
			);
			buildRules = (
			);
			dependencies = (
			);
			name = "Multiply 2";
			productName = "Multiply 2";
			productReference = 8A9A5AA02C9094CC00FBD032 /* Multiply 2.app */;
			productType = "com.apple.product-type.application";
		};
		8A9A5AAF2C9094CE00FBD032 /* Multiply 2Tests */ = {
			isa = PBXNativeTarget;
			buildConfigurationList = 8A9A5AC72C9094CE00FBD032 /* Build configuration list for PBXNativeTarget "Multiply 2Tests" */;
			buildPhases = (
				8A9A5AAC2C9094CE00FBD032 /* Sources */,
				8A9A5AAD2C9094CE00FBD032 /* Frameworks */,
				8A9A5AAE2C9094CE00FBD032 /* Resources */,
			);
			buildRules = (
			);
			dependencies = (
				8A9A5AB22C9094CE00FBD032 /* PBXTargetDependency */,
			);
			name = "Multiply 2Tests";
			productName = "Multiply 2Tests";
			productReference = 8A9A5AB02C9094CE00FBD032 /* Multiply 2Tests.xctest */;
			productType = "com.apple.product-type.bundle.unit-test";
		};
		8A9A5AB92C9094CE00FBD032 /* Multiply 2UITests */ = {
			isa = PBXNativeTarget;
			buildConfigurationList = 8A9A5ACA2C9094CE00FBD032 /* Build configuration list for PBXNativeTarget "Multiply 2UITests" */;
			buildPhases = (
				8A9A5AB62C9094CE00FBD032 /* Sources */,
				8A9A5AB72C9094CE00FBD032 /* Frameworks */,
				8A9A5AB82C9094CE00FBD032 /* Resources */,
			);
			buildRules = (
			);
			dependencies = (
				8A9A5ABC2C9094CE00FBD032 /* PBXTargetDependency */,
			);
			name = "Multiply 2UITests";
			productName = "Multiply 2UITests";
			productReference = 8A9A5ABA2C9094CE00FBD032 /* Multiply 2UITests.xctest */;
			productType = "com.apple.product-type.bundle.ui-testing";
		};
/* End PBXNativeTarget section */

/* Begin PBXProject section */
		8A9A5A982C9094CC00FBD032 /* Project object */ = {
			isa = PBXProject;
			attributes = {
				BuildIndependentTargetsInParallel = 1;
				LastSwiftUpdateCheck = 1540;
				LastUpgradeCheck = 1540;
				TargetAttributes = {
					8A9A5A9F2C9094CC00FBD032 = {
						CreatedOnToolsVersion = 15.4;
					};
					8A9A5AAF2C9094CE00FBD032 = {
						CreatedOnToolsVersion = 15.4;
						TestTargetID = 8A9A5A9F2C9094CC00FBD032;
					};
					8A9A5AB92C9094CE00FBD032 = {
						CreatedOnToolsVersion = 15.4;
						TestTargetID = 8A9A5A9F2C9094CC00FBD032;
					};
				};
			};
			buildConfigurationList = 8A9A5A9B2C9094CC00FBD032 /* Build configuration list for PBXProject "Multiply 2" */;
			compatibilityVersion = "Xcode 14.0";
			developmentRegion = en;
			hasScannedForEncodings = 0;
			knownRegions = (
				en,
				Base,
			);
			mainGroup = 8A9A5A972C9094CC00FBD032;
			productRefGroup = 8A9A5AA12C9094CC00FBD032 /* Products */;
			projectDirPath = "";
			projectRoot = "";
			targets = (
				8A9A5A9F2C9094CC00FBD032 /* Multiply 2 */,
				8A9A5AAF2C9094CE00FBD032 /* Multiply 2Tests */,
				8A9A5AB92C9094CE00FBD032 /* Multiply 2UITests */,
			);
		};
/* End PBXProject section */

/* Begin PBXResourcesBuildPhase section */
		8A9A5A9E2C9094CC00FBD032 /* Resources */ = {
			isa = PBXResourcesBuildPhase;
			buildActionMask = 2147483647;
			files = (
				8A9A5AAB2C9094CE00FBD032 /* Preview Assets.xcassets in Resources */,
				8A9A5AA82C9094CE00FBD032 /* Assets.xcassets in Resources */,
			);
			runOnlyForDeploymentPostprocessing = 0;
		};
		8A9A5AAE2C9094CE00FBD032 /* Resources */ = {
			isa = PBXResourcesBuildPhase;
			buildActionMask = 2147483647;
			files = (
			);
			runOnlyForDeploymentPostprocessing = 0;
		};
		8A9A5AB82C9094CE00FBD032 /* Resources */ = {
			isa = PBXResourcesBuildPhase;
			buildActionMask = 2147483647;
			files = (
			);
			runOnlyForDeploymentPostprocessing = 0;
		};
/* End PBXResourcesBuildPhase section */

/* Begin PBXSourcesBuildPhase section */
		8A9A5A9C2C9094CC00FBD032 /* Sources */ = {
			isa = PBXSourcesBuildPhase;
			buildActionMask = 2147483647;
			files = (
				8A9A5AA62C9094CC00FBD032 /* ContentView.swift in Sources */,
				8A9A5AA42C9094CC00FBD032 /* Multiply_2App.swift in Sources */,
			);
			runOnlyForDeploymentPostprocessing = 0;
		};
		8A9A5AAC2C9094CE00FBD032 /* Sources */ = {
			isa = PBXSourcesBuildPhase;
			buildActionMask = 2147483647;
			files = (
				8A9A5AB52C9094CE00FBD032 /* Multiply_2Tests.swift in Sources */,
			);
			runOnlyForDeploymentPostprocessing = 0;
		};
		8A9A5AB62C9094CE00FBD032 /* Sources */ = {
			isa = PBXSourcesBuildPhase;
			buildActionMask = 2147483647;
			files = (
				8A9A5ABF2C9094CE00FBD032 /* Multiply_2UITests.swift in Sources */,
				8A9A5AC12C9094CE00FBD032 /* Multiply_2UITestsLaunchTests.swift in Sources */,
			);
			runOnlyForDeploymentPostprocessing = 0;
		};
/* End PBXSourcesBuildPhase section */

/* Begin PBXTargetDependency section */
		8A9A5AB22C9094CE00FBD032 /* PBXTargetDependency */ = {
			isa = PBXTargetDependency;
			target = 8A9A5A9F2C9094CC00FBD032 /* Multiply 2 */;
			targetProxy = 8A9A5AB12C9094CE00FBD032 /* PBXContainerItemProxy */;
		};
		8A9A5ABC2C9094CE00FBD032 /* PBXTargetDependency */ = {
			isa = PBXTargetDependency;
			target = 8A9A5A9F2C9094CC00FBD032 /* Multiply 2 */;
			targetProxy = 8A9A5ABB2C9094CE00FBD032 /* PBXContainerItemProxy */;
		};
/* End PBXTargetDependency section */

/* Begin XCBuildConfiguration section */
		8A9A5AC22C9094CE00FBD032 /* Debug */ = {
			isa = XCBuildConfiguration;
			buildSettings = {
				ALWAYS_SEARCH_USER_PATHS = NO;
				ASSETCATALOG_COMPILER_GENERATE_SWIFT_ASSET_SYMBOL_EXTENSIONS = YES;
				CLANG_ANALYZER_NONNULL = YES;
				CLANG_ANALYZER_NUMBER_OBJECT_CONVERSION = YES_AGGRESSIVE;
				CLANG_CXX_LANGUAGE_STANDARD = "gnu++20";
				CLANG_ENABLE_MODULES = YES;
				CLANG_ENABLE_OBJC_ARC = YES;
				CLANG_ENABLE_OBJC_WEAK = YES;
				CLANG_WARN_BLOCK_CAPTURE_AUTORELEASING = YES;
				CLANG_WARN_BOOL_CONVERSION = YES;
				CLANG_WARN_COMMA = YES;
				CLANG_WARN_CONSTANT_CONVERSION = YES;
				CLANG_WARN_DEPRECATED_OBJC_IMPLEMENTATIONS = YES;
				CLANG_WARN_DIRECT_OBJC_ISA_USAGE = YES_ERROR;
				CLANG_WARN_DOCUMENTATION_COMMENTS = YES;
				CLANG_WARN_EMPTY_BODY = YES;
				CLANG_WARN_ENUM_CONVERSION = YES;
				CLANG_WARN_INFINITE_RECURSION = YES;
				CLANG_WARN_INT_CONVERSION = YES;
				CLANG_WARN_NON_LITERAL_NULL_CONVERSION = YES;
				CLANG_WARN_OBJC_IMPLICIT_RETAIN_SELF = YES;
				CLANG_WARN_OBJC_LITERAL_CONVERSION = YES;
				CLANG_WARN_OBJC_ROOT_CLASS = YES_ERROR;
				CLANG_WARN_QUOTED_INCLUDE_IN_FRAMEWORK_HEADER = YES;
				CLANG_WARN_RANGE_LOOP_ANALYSIS = YES;
				CLANG_WARN_STRICT_PROTOTYPES = YES;
				CLANG_WARN_SUSPICIOUS_MOVE = YES;
				CLANG_WARN_UNGUARDED_AVAILABILITY = YES_AGGRESSIVE;
				CLANG_WARN_UNREACHABLE_CODE = YES;
				CLANG_WARN__DUPLICATE_METHOD_MATCH = YES;
				COPY_PHASE_STRIP = NO;
				DEBUG_INFORMATION_FORMAT = dwarf;
				ENABLE_STRICT_OBJC_MSGSEND = YES;
				ENABLE_TESTABILITY = YES;
				ENABLE_USER_SCRIPT_SANDBOXING = YES;
				GCC_C_LANGUAGE_STANDARD = gnu17;
				GCC_DYNAMIC_NO_PIC = NO;
				GCC_NO_COMMON_BLOCKS = YES;
				GCC_OPTIMIZATION_LEVEL = 0;
				GCC_PREPROCESSOR_DEFINITIONS = (
					"DEBUG=1",
					"$(inherited)",
				);
				GCC_WARN_64_TO_32_BIT_CONVERSION = YES;
				GCC_WARN_ABOUT_RETURN_TYPE = YES_ERROR;
				GCC_WARN_UNDECLARED_SELECTOR = YES;
				GCC_WARN_UNINITIALIZED_AUTOS = YES_AGGRESSIVE;
				GCC_WARN_UNUSED_FUNCTION = YES;
				GCC_WARN_UNUSED_VARIABLE = YES;
				IPHONEOS_DEPLOYMENT_TARGET = 17.5;
				LOCALIZATION_PREFERS_STRING_CATALOGS = YES;
				MTL_ENABLE_DEBUG_INFO = INCLUDE_SOURCE;
				MTL_FAST_MATH = YES;
				ONLY_ACTIVE_ARCH = YES;
				SDKROOT = iphoneos;
				SWIFT_ACTIVE_COMPILATION_CONDITIONS = "DEBUG $(inherited)";
				SWIFT_OPTIMIZATION_LEVEL = "-Onone";
			};
			name = Debug;
		};
		8A9A5AC32C9094CE00FBD032 /* Release */ = {
			isa = XCBuildConfiguration;
			buildSettings = {
				ALWAYS_SEARCH_USER_PATHS = NO;
				ASSETCATALOG_COMPILER_GENERATE_SWIFT_ASSET_SYMBOL_EXTENSIONS = YES;
				CLANG_ANALYZER_NONNULL = YES;
				CLANG_ANALYZER_NUMBER_OBJECT_CONVERSION = YES_AGGRESSIVE;
				CLANG_CXX_LANGUAGE_STANDARD = "gnu++20";
				CLANG_ENABLE_MODULES = YES;
				CLANG_ENABLE_OBJC_ARC = YES;
				CLANG_ENABLE_OBJC_WEAK = YES;
				CLANG_WARN_BLOCK_CAPTURE_AUTORELEASING = YES;
				CLANG_WARN_BOOL_CONVERSION = YES;
				CLANG_WARN_COMMA = YES;
				CLANG_WARN_CONSTANT_CONVERSION = YES;
				CLANG_WARN_DEPRECATED_OBJC_IMPLEMENTATIONS = YES;
				CLANG_WARN_DIRECT_OBJC_ISA_USAGE = YES_ERROR;
				CLANG_WARN_DOCUMENTATION_COMMENTS = YES;
				CLANG_WARN_EMPTY_BODY = YES;
				CLANG_WARN_ENUM_CONVERSION = YES;
				CLANG_WARN_INFINITE_RECURSION = YES;
				CLANG_WARN_INT_CONVERSION = YES;
				CLANG_WARN_NON_LITERAL_NULL_CONVERSION = YES;
				CLANG_WARN_OBJC_IMPLICIT_RETAIN_SELF = YES;
				CLANG_WARN_OBJC_LITERAL_CONVERSION = YES;
				CLANG_WARN_OBJC_ROOT_CLASS = YES_ERROR;
				CLANG_WARN_QUOTED_INCLUDE_IN_FRAMEWORK_HEADER = YES;
				CLANG_WARN_RANGE_LOOP_ANALYSIS = YES;
				CLANG_WARN_STRICT_PROTOTYPES = YES;
				CLANG_WARN_SUSPICIOUS_MOVE = YES;
				CLANG_WARN_UNGUARDED_AVAILABILITY = YES_AGGRESSIVE;
				CLANG_WARN_UNREACHABLE_CODE = YES;
				CLANG_WARN__DUPLICATE_METHOD_MATCH = YES;
				COPY_PHASE_STRIP = NO;
				DEBUG_INFORMATION_FORMAT = "dwarf-with-dsym";
				ENABLE_NS_ASSERTIONS = NO;
				ENABLE_STRICT_OBJC_MSGSEND = YES;
				ENABLE_USER_SCRIPT_SANDBOXING = YES;
				GCC_C_LANGUAGE_STANDARD = gnu17;
				GCC_NO_COMMON_BLOCKS = YES;
				GCC_WARN_64_TO_32_BIT_CONVERSION = YES;
				GCC_WARN_ABOUT_RETURN_TYPE = YES_ERROR;
				GCC_WARN_UNDECLARED_SELECTOR = YES;
				GCC_WARN_UNINITIALIZED_AUTOS = YES_AGGRESSIVE;
				GCC_WARN_UNUSED_FUNCTION = YES;
				GCC_WARN_UNUSED_VARIABLE = YES;
				IPHONEOS_DEPLOYMENT_TARGET = 17.5;
				LOCALIZATION_PREFERS_STRING_CATALOGS = YES;
				MTL_ENABLE_DEBUG_INFO = NO;
				MTL_FAST_MATH = YES;
				SDKROOT = iphoneos;
				SWIFT_COMPILATION_MODE = wholemodule;
				VALIDATE_PRODUCT = YES;
			};
			name = Release;
		};
		8A9A5AC52C9094CE00FBD032 /* Debug */ = {
			isa = XCBuildConfiguration;
			buildSettings = {
				ASSETCATALOG_COMPILER_APPICON_NAME = AppIcon;
				ASSETCATALOG_COMPILER_GLOBAL_ACCENT_COLOR_NAME = AccentColor;
				CODE_SIGN_STYLE = Automatic;
				CURRENT_PROJECT_VERSION = 1;
				DEVELOPMENT_ASSET_PATHS = "\"Multiply 2/Preview Content\"";
				DEVELOPMENT_TEAM = 7RH5F3CM26;
				ENABLE_PREVIEWS = YES;
				GENERATE_INFOPLIST_FILE = YES;
				INFOPLIST_KEY_UIApplicationSceneManifest_Generation = YES;
				INFOPLIST_KEY_UIApplicationSupportsIndirectInputEvents = YES;
				INFOPLIST_KEY_UILaunchScreen_Generation = YES;
				INFOPLIST_KEY_UISupportedInterfaceOrientations_iPad = "UIInterfaceOrientationPortrait UIInterfaceOrientationPortraitUpsideDown UIInterfaceOrientationLandscapeLeft UIInterfaceOrientationLandscapeRight";
				INFOPLIST_KEY_UISupportedInterfaceOrientations_iPhone = "UIInterfaceOrientationPortrait UIInterfaceOrientationLandscapeLeft UIInterfaceOrientationLandscapeRight";
				LD_RUNPATH_SEARCH_PATHS = (
					"$(inherited)",
					"@executable_path/Frameworks",
				);
				MARKETING_VERSION = 1.0;
				PRODUCT_BUNDLE_IDENTIFIER = "MC.Multiply-2";
				PRODUCT_NAME = "$(TARGET_NAME)";
				SWIFT_EMIT_LOC_STRINGS = YES;
				SWIFT_VERSION = 5.0;
				TARGETED_DEVICE_FAMILY = "1,2";
			};
			name = Debug;
		};
		8A9A5AC62C9094CE00FBD032 /* Release */ = {
			isa = XCBuildConfiguration;
			buildSettings = {
				ASSETCATALOG_COMPILER_APPICON_NAME = AppIcon;
				ASSETCATALOG_COMPILER_GLOBAL_ACCENT_COLOR_NAME = AccentColor;
				CODE_SIGN_STYLE = Automatic;
				CURRENT_PROJECT_VERSION = 1;
				DEVELOPMENT_ASSET_PATHS = "\"Multiply 2/Preview Content\"";
				DEVELOPMENT_TEAM = 7RH5F3CM26;
				ENABLE_PREVIEWS = YES;
				GENERATE_INFOPLIST_FILE = YES;
				INFOPLIST_KEY_UIApplicationSceneManifest_Generation = YES;
				INFOPLIST_KEY_UIApplicationSupportsIndirectInputEvents = YES;
				INFOPLIST_KEY_UILaunchScreen_Generation = YES;
				INFOPLIST_KEY_UISupportedInterfaceOrientations_iPad = "UIInterfaceOrientationPortrait UIInterfaceOrientationPortraitUpsideDown UIInterfaceOrientationLandscapeLeft UIInterfaceOrientationLandscapeRight";
				INFOPLIST_KEY_UISupportedInterfaceOrientations_iPhone = "UIInterfaceOrientationPortrait UIInterfaceOrientationLandscapeLeft UIInterfaceOrientationLandscapeRight";
				LD_RUNPATH_SEARCH_PATHS = (
					"$(inherited)",
					"@executable_path/Frameworks",
				);
				MARKETING_VERSION = 1.0;
				PRODUCT_BUNDLE_IDENTIFIER = "MC.Multiply-2";
				PRODUCT_NAME = "$(TARGET_NAME)";
				SWIFT_EMIT_LOC_STRINGS = YES;
				SWIFT_VERSION = 5.0;
				TARGETED_DEVICE_FAMILY = "1,2";
			};
			name = Release;
		};
		8A9A5AC82C9094CE00FBD032 /* Debug */ = {
			isa = XCBuildConfiguration;
			buildSettings = {
				ALWAYS_EMBED_SWIFT_STANDARD_LIBRARIES = YES;
				BUNDLE_LOADER = "$(TEST_HOST)";
				CODE_SIGN_STYLE = Automatic;
				CURRENT_PROJECT_VERSION = 1;
				DEVELOPMENT_TEAM = 7RH5F3CM26;
				GENERATE_INFOPLIST_FILE = YES;
				IPHONEOS_DEPLOYMENT_TARGET = 17.5;
				MARKETING_VERSION = 1.0;
				PRODUCT_BUNDLE_IDENTIFIER = "MC.Multiply-2Tests";
				PRODUCT_NAME = "$(TARGET_NAME)";
				SWIFT_EMIT_LOC_STRINGS = NO;
				SWIFT_VERSION = 5.0;
				TARGETED_DEVICE_FAMILY = "1,2";
				TEST_HOST = "$(BUILT_PRODUCTS_DIR)/Multiply 2.app/$(BUNDLE_EXECUTABLE_FOLDER_PATH)/Multiply 2";
			};
			name = Debug;
		};
		8A9A5AC92C9094CE00FBD032 /* Release */ = {
			isa = XCBuildConfiguration;
			buildSettings = {
				ALWAYS_EMBED_SWIFT_STANDARD_LIBRARIES = YES;
				BUNDLE_LOADER = "$(TEST_HOST)";
				CODE_SIGN_STYLE = Automatic;
				CURRENT_PROJECT_VERSION = 1;
				DEVELOPMENT_TEAM = 7RH5F3CM26;
				GENERATE_INFOPLIST_FILE = YES;
				IPHONEOS_DEPLOYMENT_TARGET = 17.5;
				MARKETING_VERSION = 1.0;
				PRODUCT_BUNDLE_IDENTIFIER = "MC.Multiply-2Tests";
				PRODUCT_NAME = "$(TARGET_NAME)";
				SWIFT_EMIT_LOC_STRINGS = NO;
				SWIFT_VERSION = 5.0;
				TARGETED_DEVICE_FAMILY = "1,2";
				TEST_HOST = "$(BUILT_PRODUCTS_DIR)/Multiply 2.app/$(BUNDLE_EXECUTABLE_FOLDER_PATH)/Multiply 2";
			};
			name = Release;
		};
		8A9A5ACB2C9094CE00FBD032 /* Debug */ = {
			isa = XCBuildConfiguration;
			buildSettings = {
				ALWAYS_EMBED_SWIFT_STANDARD_LIBRARIES = YES;
				CODE_SIGN_STYLE = Automatic;
				CURRENT_PROJECT_VERSION = 1;
				DEVELOPMENT_TEAM = 7RH5F3CM26;
				GENERATE_INFOPLIST_FILE = YES;
				MARKETING_VERSION = 1.0;
				PRODUCT_BUNDLE_IDENTIFIER = "MC.Multiply-2UITests";
				PRODUCT_NAME = "$(TARGET_NAME)";
				SWIFT_EMIT_LOC_STRINGS = NO;
				SWIFT_VERSION = 5.0;
				TARGETED_DEVICE_FAMILY = "1,2";
				TEST_TARGET_NAME = "Multiply 2";
			};
			name = Debug;
		};
		8A9A5ACC2C9094CE00FBD032 /* Release */ = {
			isa = XCBuildConfiguration;
			buildSettings = {
				ALWAYS_EMBED_SWIFT_STANDARD_LIBRARIES = YES;
				CODE_SIGN_STYLE = Automatic;
				CURRENT_PROJECT_VERSION = 1;
				DEVELOPMENT_TEAM = 7RH5F3CM26;
				GENERATE_INFOPLIST_FILE = YES;
				MARKETING_VERSION = 1.0;
				PRODUCT_BUNDLE_IDENTIFIER = "MC.Multiply-2UITests";
				PRODUCT_NAME = "$(TARGET_NAME)";
				SWIFT_EMIT_LOC_STRINGS = NO;
				SWIFT_VERSION = 5.0;
				TARGETED_DEVICE_FAMILY = "1,2";
				TEST_TARGET_NAME = "Multiply 2";
			};
			name = Release;
		};
/* End XCBuildConfiguration section */

/* Begin XCConfigurationList section */
		8A9A5A9B2C9094CC00FBD032 /* Build configuration list for PBXProject "Multiply 2" */ = {
			isa = XCConfigurationList;
			buildConfigurations = (
				8A9A5AC22C9094CE00FBD032 /* Debug */,
				8A9A5AC32C9094CE00FBD032 /* Release */,
			);
			defaultConfigurationIsVisible = 0;
			defaultConfigurationName = Release;
		};
		8A9A5AC42C9094CE00FBD032 /* Build configuration list for PBXNativeTarget "Multiply 2" */ = {
			isa = XCConfigurationList;
			buildConfigurations = (
				8A9A5AC52C9094CE00FBD032 /* Debug */,
				8A9A5AC62C9094CE00FBD032 /* Release */,
			);
			defaultConfigurationIsVisible = 0;
			defaultConfigurationName = Release;
		};
		8A9A5AC72C9094CE00FBD032 /* Build configuration list for PBXNativeTarget "Multiply 2Tests" */ = {
			isa = XCConfigurationList;
			buildConfigurations = (
				8A9A5AC82C9094CE00FBD032 /* Debug */,
				8A9A5AC92C9094CE00FBD032 /* Release */,
			);
			defaultConfigurationIsVisible = 0;
			defaultConfigurationName = Release;
		};
		8A9A5ACA2C9094CE00FBD032 /* Build configuration list for PBXNativeTarget "Multiply 2UITests" */ = {
			isa = XCConfigurationList;
			buildConfigurations = (
				8A9A5ACB2C9094CE00FBD032 /* Debug */,
				8A9A5ACC2C9094CE00FBD032 /* Release */,
			);
			defaultConfigurationIsVisible = 0;
			defaultConfigurationName = Release;
		};
/* End XCConfigurationList section */
	};
	rootObject = 8A9A5A982C9094CC00FBD032 /* Project object */;
}
